
Microsoft Visual Studio Solution File, Format Version 12.00
# Visual Studio Version 16
VisualStudioVersion = 16.0.31624.102
MinimumVisualStudioVersion = 10.0.40219.1
Project("{9A19103F-16F7-4668-BE54-9A1E7A4F7556}") = "GenrateBatches", "GenrateBatches.csproj", "{396DB6B7-6BF4-45D3-A02E-F130C66FD642}"
EndProject
Global
	GlobalSection(SolutionConfigurationPlatforms) = preSolution
		Debug|Any CPU = Debug|Any CPU
		Release|Any CPU = Release|Any CPU
	EndGlobalSection
	GlobalSection(ProjectConfigurationPlatforms) = postSolution
		{396DB6B7-6BF4-45D3-A02E-F130C66FD642}.Debug|Any CPU.ActiveCfg = Debug|Any CPU
		{396DB6B7-6BF4-45D3-A02E-F130C66FD642}.Debug|Any CPU.Build.0 = Debug|Any CPU
		{396DB6B7-6BF4-45D3-A02E-F130C66FD642}.Release|Any CPU.ActiveCfg = Release|Any CPU
		{396DB6B7-6BF4-45D3-A02E-F130C66FD642}.Release|Any CPU.Build.0 = Release|Any CPU
	EndGlobalSection
	GlobalSection(SolutionProperties) = preSolution
		HideSolutionNode = FALSE
	EndGlobalSection
	GlobalSection(ExtensibilityGlobals) = postSolution
		SolutionGuid = {1FEBED0C-6CFB-417B-9882-9FC5C6D9001D}
	EndGlobalSection
EndGlobal
